hash: ce907ddfb0db0bcf7984898645b3e58de02ec36760df59cb3e2ee31c0ae4a709
updated: 2019-09-03T00:17:28.363607587-04:00
imports:
- name: github.com/coreos/go-systemd
  version: fd7a80b32e1fc73e890fde45604ed5009dc817a3
  subpackages:
  - activation
- name: github.com/docker/go-connections
  version: fd1b1942c4d55f7f210a8387e612dc6ffee78ff6
  subpackages:
  - sockets
- name: github.com/docker/go-plugins-helpers
  version: bd8c600f0cdd76c7a57ff6aa86bd2b423868c688
  subpackages:
  - authorization
  - sdk
- name: github.com/fsnotify/fsnotify
  version: 4da3e2cfbabc9f751898f250b49f2439785783a1
- name: github.com/ghodss/yaml
  version: 25d852aebe32c875e9c044af3eef9c7dc6bc777f
- name: github.com/gobwas/glob
  version: 5ccd90ef52e1e632236f7326478d4faa74f99438
  subpackages:
  - compiler
  - match
  - syntax
  - syntax/ast
  - syntax/lexer
  - util/runes
  - util/strings
- name: github.com/Microsoft/go-winio
  version: 6c72808b55902eae4c5943626030429ff20f3b63
  subpackages:
  - pkg/guid
- name: github.com/OneOfOne/xxhash
  version: c1e3185f167680b62832a0a11938a04b1ab265fc
- name: github.com/open-policy-agent/opa
  version: 054402f366885ddd90f9c6d89737ac039424b73b
  subpackages:
  - ast
  - bundle
  - internal/compiler/wasm
  - internal/compiler/wasm/opa
  - internal/ir
  - internal/leb128
  - internal/planner
  - internal/version
  - internal/wasm/constant
  - internal/wasm/encoding
  - internal/wasm/instruction
  - internal/wasm/module
  - internal/wasm/opcode
  - internal/wasm/types
  - loader
  - metrics
  - rego
  - storage
  - storage/inmem
  - topdown
  - topdown/builtins
  - topdown/copypropagation
  - topdown/internal/jwx/buffer
  - topdown/internal/jwx/jwa
  - topdown/internal/jwx/jwk
  - topdown/internal/jwx/jws
  - topdown/internal/jwx/jws/sign
  - topdown/internal/jwx/jws/verify
  - types
  - util
  - version
- name: github.com/pkg/errors
  version: 27936f6d90f9c8e1145f11ed52ffffbfdb9e0af7
- name: github.com/rcrowley/go-metrics
  version: cac0b30c2563378d434b5af411844adff8e32960
- name: github.com/yashtewari/glob-intersection
  version: 5c77d914dd0ba7bedca923f97232d37137e038f3
- name: golang.org/x/sys
  version: 9109b7679e13aa34a54834cfb4949cac4b96e576
  subpackages:
  - windows
- name: gopkg.in/yaml.v2
  version: 51d6538a90f86fe93ac480b35f37b2be17fef232
testImports: []
