hash: a3e20fb1f9177b74c95e4665a7d5881594f956149fb149e4ab5fe2b5a75a7d73
updated: 2018-09-04T15:06:13.378934-07:00
imports:
- name: github.com/coreos/go-systemd
  version: eee3db372b31153ca0b90702e165948699803fd0
  subpackages:
  - activation
- name: github.com/dchest/siphash
  version: 34f201214d993633bb24f418ba11736ab8b55aa7
- name: github.com/docker/go-connections
  version: 97c2040d34dfae1d1b1275fa3a78dbdd2f41cf7e
  subpackages:
  - sockets
- name: github.com/docker/go-plugins-helpers
  version: bd8c600f0cdd76c7a57ff6aa86bd2b423868c688
  subpackages:
  - authorization
  - sdk
- name: github.com/fsnotify/fsnotify
  version: 4da3e2cfbabc9f751898f250b49f2439785783a1
- name: github.com/ghodss/yaml
  version: c7ce16629ff4cd059ed96ed06419dd3856fd3577
- name: github.com/Microsoft/go-winio
  version: 97e4973ce50b2ff5f09635a57e2b88a037aae829
- name: github.com/open-policy-agent/opa
  version: d5ba22b70a13a5afce4d2ea7103f2ac2d300bc48
  subpackages:
  - ast
  - bundle
  - loader
  - metrics
  - rego
  - storage
  - storage/inmem
  - topdown
  - topdown/builtins
  - topdown/copypropagation
  - types
  - util
- name: github.com/pkg/errors
  version: 816c9085562cd7ee03e7f8188a1cfd942858cded
- name: github.com/rcrowley/go-metrics
  version: e2704e165165ec55d062f5919b4b29494e9fa790
- name: github.com/yashtewari/glob-intersection
  version: 7af743e8ec8480fee1932a737a406f7ec817f910
- name: golang.org/x/net
  version: a680a1efc54dd51c040b3b5ce4939ea3cf2ea0d1
  subpackages:
  - internal/socks
  - proxy
- name: golang.org/x/sys
  version: ac767d655b305d4e9612f5f6e33120b9176c4ad4
  subpackages:
  - windows
- name: gopkg.in/yaml.v2
  version: 5420a8b6744d3b0345ab293f6fcba19c978f1183
testImports: []
