hash: 19293eb44aec5bcb77cdc582c3444febeb25d7270c904516d01cafc56719260d
updated: 2018-02-16T08:20:55.852826-08:00
imports:
- name: github.com/coreos/go-systemd
  version: 25fe332a900022d06a189ce01108392854c59df1
  subpackages:
  - activation
- name: github.com/dchest/siphash
  version: 4ebf1de738443ea7f45f02dc394c4df1942a126d
- name: github.com/docker/go-connections
  version: 7beb39f0b969b075d1325fecb092faf27fd357b6
  subpackages:
  - sockets
- name: github.com/docker/go-plugins-helpers
  version: bd8c600f0cdd76c7a57ff6aa86bd2b423868c688
  subpackages:
  - authorization
  - sdk
- name: github.com/fsnotify/fsnotify
  version: 4da3e2cfbabc9f751898f250b49f2439785783a1
- name: github.com/ghodss/yaml
  version: 0ca9ea5df5451ffdf184b4428c902747c2c11cd7
- name: github.com/Microsoft/go-winio
  version: 7da180ee92d8bd8bb8c37fc560e673e6557c392f
- name: github.com/open-policy-agent/opa
  version: 43fcc6ae25d1aacab0649caf022d7e6209d7f8a7
  subpackages:
  - ast
  - metrics
  - rego
  - storage
  - storage/inmem
  - topdown
  - topdown/builtins
  - types
  - util
- name: github.com/pkg/errors
  version: 30136e27e2ac8d167177e8a583aa4c3fea5be833
- name: golang.org/x/net
  version: 1c05540f6879653db88113bc4a2b70aec4bd491f
  subpackages:
  - proxy
- name: golang.org/x/sys
  version: 37707fdb30a5b38865cfb95e5aab41707daec7fd
  subpackages:
  - windows
- name: gopkg.in/yaml.v2
  version: d670f9405373e636a5a2765eea47fac0c9bc91a4
testImports: []
